
Microsoft Visual Studio Solution File, Format Version 12.00
# Visual Studio Version 17
VisualStudioVersion = 17.6.33712.159
MinimumVisualStudioVersion = 10.0.40219.1
Project("{9A19103F-16F7-4668-BE54-9A1E7A4F7556}") = "SoftwareTestApp", "SoftwareTestApp\SoftwareTestApp.csproj", "{85BEE4A4-1C13-4EB9-B7FE-440E7DFB7099}"
EndProject
Global
	GlobalSection(SolutionConfigurationPlatforms) = preSolution
		Debug|Any CPU = Debug|Any CPU
		Release|Any CPU = Release|Any CPU
	EndGlobalSection
	GlobalSection(ProjectConfigurationPlatforms) = postSolution
		{85BEE4A4-1C13-4EB9-B7FE-440E7DFB7099}.Debug|Any CPU.ActiveCfg = Debug|Any CPU
		{85BEE4A4-1C13-4EB9-B7FE-440E7DFB7099}.Debug|Any CPU.Build.0 = Debug|Any CPU
		{85BEE4A4-1C13-4EB9-B7FE-440E7DFB7099}.Release|Any CPU.ActiveCfg = Release|Any CPU
		{85BEE4A4-1C13-4EB9-B7FE-440E7DFB7099}.Release|Any CPU.Build.0 = Release|Any CPU
	EndGlobalSection
	GlobalSection(SolutionProperties) = preSolution
		HideSolutionNode = FALSE
	EndGlobalSection
	GlobalSection(ExtensibilityGlobals) = postSolution
		SolutionGuid = {1F378C19-BD39-470F-966F-AEC7E337CE25}
	EndGlobalSection
EndGlobal
